
Microsoft Visual Studio Solution File, Format Version 12.00
# Visual Studio Version 17
VisualStudioVersion = 17.4.33122.133
MinimumVisualStudioVersion = 10.0.40219.1
Project("{9A19103F-16F7-4668-BE54-9A1E7A4F7556}") = "MathGame1", "MathGame1.csproj", "{E42B5E23-8555-477E-AAFD-381A7EB60C72}"
EndProject
Global
	GlobalSection(SolutionConfigurationPlatforms) = preSolution
		Debug|Any CPU = Debug|Any CPU
		Release|Any CPU = Release|Any CPU
	EndGlobalSection
	GlobalSection(ProjectConfigurationPlatforms) = postSolution
		{E42B5E23-8555-477E-AAFD-381A7EB60C72}.Debug|Any CPU.ActiveCfg = Debug|Any CPU
		{E42B5E23-8555-477E-AAFD-381A7EB60C72}.Debug|Any CPU.Build.0 = Debug|Any CPU
		{E42B5E23-8555-477E-AAFD-381A7EB60C72}.Release|Any CPU.ActiveCfg = Release|Any CPU
		{E42B5E23-8555-477E-AAFD-381A7EB60C72}.Release|Any CPU.Build.0 = Release|Any CPU
	EndGlobalSection
	GlobalSection(SolutionProperties) = preSolution
		HideSolutionNode = FALSE
	EndGlobalSection
	GlobalSection(ExtensibilityGlobals) = postSolution
		SolutionGuid = {1FDA3872-97A3-4813-A20E-5EA3B7F46B71}
	EndGlobalSection
EndGlobal
